// !$*UTF8*$!
{
	archiveVersion = 1;
	classes = {
	};
	objectVersion = 56;
	objects = {

/* Begin PBXBuildFile section */
		E9291D2E2B8EF2780001FD88 /* Canker_TrackerApp.swift in Sources */ = {isa = PBXBuildFile; fileRef = E9291D2D2B8EF2780001FD88 /* Canker_TrackerApp.swift */; };
		E9291D302B8EF2780001FD88 /* ContentView.swift in Sources */ = {isa = PBXBuildFile; fileRef = E9291D2F2B8EF2780001FD88 /* ContentView.swift */; };
		E9291D342B8EF2790001FD88 /* Assets.xcassets in Resources */ = {isa = PBXBuildFile; fileRef = E9291D332B8EF2790001FD88 /* Assets.xcassets */; };
		E9291D372B8EF2790001FD88 /* Preview Assets.xcassets in Resources */ = {isa = PBXBuildFile; fileRef = E9291D362B8EF2790001FD88 /* Preview Assets.xcassets */; };
		E9291D3E2B8EF3AF0001FD88 /* MouthDiagramView.swift in Sources */ = {isa = PBXBuildFile; fileRef = E9291D3D2B8EF3AF0001FD88 /* MouthDiagramView.swift */; };
		E94856622B934791001C32F1 /* CankerSore.swift in Sources */ = {isa = PBXBuildFile; fileRef = E94856612B934791001C32F1 /* CankerSore.swift */; };
		E94856652B934DA2001C32F1 /* AppDataManager.swift in Sources */ = {isa = PBXBuildFile; fileRef = E94856642B934DA2001C32F1 /* AppDataManager.swift */; };
		E95DA9E32B959F9900BAC152 /* SoreViewModel.swift in Sources */ = {isa = PBXBuildFile; fileRef = E95DA9E22B959F9900BAC152 /* SoreViewModel.swift */; };
		E95DA9E52B95EC3400BAC152 /* DailyLog.swift in Sources */ = {isa = PBXBuildFile; fileRef = E95DA9E42B95EC3400BAC152 /* DailyLog.swift */; };
		E95DA9E72B95EF7200BAC152 /* DailyLogView.swift in Sources */ = {isa = PBXBuildFile; fileRef = E95DA9E62B95EF7200BAC152 /* DailyLogView.swift */; };
		E95DA9EA2B95F22100BAC152 /* DailyLogComponents.swift in Sources */ = {isa = PBXBuildFile; fileRef = E95DA9E92B95F22100BAC152 /* DailyLogComponents.swift */; };
		E970A1822B903F06000313E2 /* NavigationButton.swift in Sources */ = {isa = PBXBuildFile; fileRef = E970A1812B903F06000313E2 /* NavigationButton.swift */; };
		E99A09A02B94393000557E24 /* SoreHistoryView.swift in Sources */ = {isa = PBXBuildFile; fileRef = E99A099F2B94393000557E24 /* SoreHistoryView.swift */; };
		E99A09A52B94433900557E24 /* Constants.swift in Sources */ = {isa = PBXBuildFile; fileRef = E99A09A42B94433900557E24 /* Constants.swift */; };
		E99A09A72B94488F00557E24 /* SoreObjectView.swift in Sources */ = {isa = PBXBuildFile; fileRef = E99A09A62B94488F00557E24 /* SoreObjectView.swift */; };
		E9D5D87A2B8F14A80099AB25 /* SoreLocationView.swift in Sources */ = {isa = PBXBuildFile; fileRef = E9D5D8792B8F14A80099AB25 /* SoreLocationView.swift */; };
/* End PBXBuildFile section */

/* Begin PBXFileReference section */
		E9291D2A2B8EF2780001FD88 /* Canker Tracker.app */ = {isa = PBXFileReference; explicitFileType = wrapper.application; includeInIndex = 0; path = "Canker Tracker.app"; sourceTree = BUILT_PRODUCTS_DIR; };
		E9291D2D2B8EF2780001FD88 /* Canker_TrackerApp.swift */ = {isa = PBXFileReference; lastKnownFileType = sourcecode.swift; path = Canker_TrackerApp.swift; sourceTree = "<group>"; };
		E9291D2F2B8EF2780001FD88 /* ContentView.swift */ = {isa = PBXFileReference; lastKnownFileType = sourcecode.swift; path = ContentView.swift; sourceTree = "<group>"; };
		E9291D332B8EF2790001FD88 /* Assets.xcassets */ = {isa = PBXFileReference; lastKnownFileType = folder.assetcatalog; path = Assets.xcassets; sourceTree = "<group>"; };
		E9291D362B8EF2790001FD88 /* Preview Assets.xcassets */ = {isa = PBXFileReference; lastKnownFileType = folder.assetcatalog; path = "Preview Assets.xcassets"; sourceTree = "<group>"; };
		E9291D3D2B8EF3AF0001FD88 /* MouthDiagramView.swift */ = {isa = PBXFileReference; lastKnownFileType = sourcecode.swift; path = MouthDiagramView.swift; sourceTree = "<group>"; };
		E94856612B934791001C32F1 /* CankerSore.swift */ = {isa = PBXFileReference; lastKnownFileType = sourcecode.swift; path = CankerSore.swift; sourceTree = "<group>"; };
		E94856642B934DA2001C32F1 /* AppDataManager.swift */ = {isa = PBXFileReference; lastKnownFileType = sourcecode.swift; path = AppDataManager.swift; sourceTree = "<group>"; };
		E95DA9E22B959F9900BAC152 /* SoreViewModel.swift */ = {isa = PBXFileReference; lastKnownFileType = sourcecode.swift; path = SoreViewModel.swift; sourceTree = "<group>"; };
		E95DA9E42B95EC3400BAC152 /* DailyLog.swift */ = {isa = PBXFileReference; lastKnownFileType = sourcecode.swift; path = DailyLog.swift; sourceTree = "<group>"; };
		E95DA9E62B95EF7200BAC152 /* DailyLogView.swift */ = {isa = PBXFileReference; lastKnownFileType = sourcecode.swift; path = DailyLogView.swift; sourceTree = "<group>"; };
		E95DA9E92B95F22100BAC152 /* DailyLogComponents.swift */ = {isa = PBXFileReference; lastKnownFileType = sourcecode.swift; path = DailyLogComponents.swift; sourceTree = "<group>"; };
		E970A1812B903F06000313E2 /* NavigationButton.swift */ = {isa = PBXFileReference; lastKnownFileType = sourcecode.swift; path = NavigationButton.swift; sourceTree = "<group>"; };
		E99A099F2B94393000557E24 /* SoreHistoryView.swift */ = {isa = PBXFileReference; lastKnownFileType = sourcecode.swift; path = SoreHistoryView.swift; sourceTree = "<group>"; };
		E99A09A42B94433900557E24 /* Constants.swift */ = {isa = PBXFileReference; lastKnownFileType = sourcecode.swift; path = Constants.swift; sourceTree = "<group>"; };
		E99A09A62B94488F00557E24 /* SoreObjectView.swift */ = {isa = PBXFileReference; lastKnownFileType = sourcecode.swift; path = SoreObjectView.swift; sourceTree = "<group>"; };
		E9D5D8792B8F14A80099AB25 /* SoreLocationView.swift */ = {isa = PBXFileReference; lastKnownFileType = sourcecode.swift; path = SoreLocationView.swift; sourceTree = "<group>"; };
/* End PBXFileReference section */

/* Begin PBXFrameworksBuildPhase section */
		E9291D272B8EF2780001FD88 /* Frameworks */ = {
			isa = PBXFrameworksBuildPhase;
			buildActionMask = 2147483647;
			files = (
			);
			runOnlyForDeploymentPostprocessing = 0;
		};
/* End PBXFrameworksBuildPhase section */

/* Begin PBXGroup section */
		E9291D212B8EF2780001FD88 = {
			isa = PBXGroup;
			children = (
				E9291D2C2B8EF2780001FD88 /* Canker Tracker */,
				E9291D2B2B8EF2780001FD88 /* Products */,
			);
			sourceTree = "<group>";
		};
		E9291D2B2B8EF2780001FD88 /* Products */ = {
			isa = PBXGroup;
			children = (
				E9291D2A2B8EF2780001FD88 /* Canker Tracker.app */,
			);
			name = Products;
			sourceTree = "<group>";
		};
		E9291D2C2B8EF2780001FD88 /* Canker Tracker */ = {
			isa = PBXGroup;
			children = (
				E99A09A32B94432C00557E24 /* Helpers */,
				E94856632B934D94001C32F1 /* Utilites */,
				E94856602B93477D001C32F1 /* Models */,
				E970A1802B903EED000313E2 /* Components */,
				E9291D3F2B8EF3BD0001FD88 /* Views */,
				E9291D2D2B8EF2780001FD88 /* Canker_TrackerApp.swift */,
				E9291D332B8EF2790001FD88 /* Assets.xcassets */,
				E9291D352B8EF2790001FD88 /* Preview Content */,
			);
			path = "Canker Tracker";
			sourceTree = "<group>";
		};
		E9291D352B8EF2790001FD88 /* Preview Content */ = {
			isa = PBXGroup;
			children = (
				E9291D362B8EF2790001FD88 /* Preview Assets.xcassets */,
			);
			path = "Preview Content";
			sourceTree = "<group>";
		};
		E9291D3F2B8EF3BD0001FD88 /* Views */ = {
			isa = PBXGroup;
			children = (
				E9291D2F2B8EF2780001FD88 /* ContentView.swift */,
				E99A099F2B94393000557E24 /* SoreHistoryView.swift */,
				E970A17D2B9037B4000313E2 /* surveyView */,
			);
			path = Views;
			sourceTree = "<group>";
		};
		E94856602B93477D001C32F1 /* Models */ = {
			isa = PBXGroup;
			children = (
				E94856612B934791001C32F1 /* CankerSore.swift */,
				E95DA9E22B959F9900BAC152 /* SoreViewModel.swift */,
				E95DA9E42B95EC3400BAC152 /* DailyLog.swift */,
			);
			path = Models;
			sourceTree = "<group>";
		};
		E94856632B934D94001C32F1 /* Utilites */ = {
			isa = PBXGroup;
			children = (
				E94856642B934DA2001C32F1 /* AppDataManager.swift */,
			);
			path = Utilites;
			sourceTree = "<group>";
		};
		E970A17D2B9037B4000313E2 /* surveyView */ = {
			isa = PBXGroup;
			children = (
				E9291D3D2B8EF3AF0001FD88 /* MouthDiagramView.swift */,
				E9D5D8792B8F14A80099AB25 /* SoreLocationView.swift */,
				E95DA9E62B95EF7200BAC152 /* DailyLogView.swift */,
			);
			path = surveyView;
			sourceTree = "<group>";
		};
		E970A1802B903EED000313E2 /* Components */ = {
			isa = PBXGroup;
			children = (
				E970A1812B903F06000313E2 /* NavigationButton.swift */,
				E99A09A62B94488F00557E24 /* SoreObjectView.swift */,
				E95DA9E92B95F22100BAC152 /* DailyLogComponents.swift */,
			);
			path = Components;
			sourceTree = "<group>";
		};
		E99A09A32B94432C00557E24 /* Helpers */ = {
			isa = PBXGroup;
			children = (
				E99A09A42B94433900557E24 /* Constants.swift */,
			);
			path = Helpers;
			sourceTree = "<group>";
		};
/* End PBXGroup section */

/* Begin PBXNativeTarget section */
		E9291D292B8EF2780001FD88 /* Canker Tracker */ = {
			isa = PBXNativeTarget;
			buildConfigurationList = E9291D3A2B8EF2790001FD88 /* Build configuration list for PBXNativeTarget "Canker Tracker" */;
			buildPhases = (
				E9291D262B8EF2780001FD88 /* Sources */,
				E9291D272B8EF2780001FD88 /* Frameworks */,
				E9291D282B8EF2780001FD88 /* Resources */,
			);
			buildRules = (
			);
			dependencies = (
			);
			name = "Canker Tracker";
			productName = "Canker Tracker";
			productReference = E9291D2A2B8EF2780001FD88 /* Canker Tracker.app */;
			productType = "com.apple.product-type.application";
		};
/* End PBXNativeTarget section */

/* Begin PBXProject section */
		E9291D222B8EF2780001FD88 /* Project object */ = {
			isa = PBXProject;
			attributes = {
				BuildIndependentTargetsInParallel = 1;
				LastSwiftUpdateCheck = 1520;
				LastUpgradeCheck = 1520;
				TargetAttributes = {
					E9291D292B8EF2780001FD88 = {
						CreatedOnToolsVersion = 15.2;
					};
				};
			};
			buildConfigurationList = E9291D252B8EF2780001FD88 /* Build configuration list for PBXProject "Canker Tracker" */;
			compatibilityVersion = "Xcode 14.0";
			developmentRegion = en;
			hasScannedForEncodings = 0;
			knownRegions = (
				en,
				Base,
			);
			mainGroup = E9291D212B8EF2780001FD88;
			productRefGroup = E9291D2B2B8EF2780001FD88 /* Products */;
			projectDirPath = "";
			projectRoot = "";
			targets = (
				E9291D292B8EF2780001FD88 /* Canker Tracker */,
			);
		};
/* End PBXProject section */

/* Begin PBXResourcesBuildPhase section */
		E9291D282B8EF2780001FD88 /* Resources */ = {
			isa = PBXResourcesBuildPhase;
			buildActionMask = 2147483647;
			files = (
				E9291D372B8EF2790001FD88 /* Preview Assets.xcassets in Resources */,
				E9291D342B8EF2790001FD88 /* Assets.xcassets in Resources */,
			);
			runOnlyForDeploymentPostprocessing = 0;
		};
/* End PBXResourcesBuildPhase section */

/* Begin PBXSourcesBuildPhase section */
		E9291D262B8EF2780001FD88 /* Sources */ = {
			isa = PBXSourcesBuildPhase;
			buildActionMask = 2147483647;
			files = (
				E99A09A02B94393000557E24 /* SoreHistoryView.swift in Sources */,
				E94856622B934791001C32F1 /* CankerSore.swift in Sources */,
				E95DA9E32B959F9900BAC152 /* SoreViewModel.swift in Sources */,
				E970A1822B903F06000313E2 /* NavigationButton.swift in Sources */,
				E99A09A72B94488F00557E24 /* SoreObjectView.swift in Sources */,
				E9291D3E2B8EF3AF0001FD88 /* MouthDiagramView.swift in Sources */,
				E9D5D87A2B8F14A80099AB25 /* SoreLocationView.swift in Sources */,
				E95DA9E72B95EF7200BAC152 /* DailyLogView.swift in Sources */,
				E99A09A52B94433900557E24 /* Constants.swift in Sources */,
				E95DA9EA2B95F22100BAC152 /* DailyLogComponents.swift in Sources */,
				E9291D302B8EF2780001FD88 /* ContentView.swift in Sources */,
				E9291D2E2B8EF2780001FD88 /* Canker_TrackerApp.swift in Sources */,
				E95DA9E52B95EC3400BAC152 /* DailyLog.swift in Sources */,
				E94856652B934DA2001C32F1 /* AppDataManager.swift in Sources */,
			);
			runOnlyForDeploymentPostprocessing = 0;
		};
/* End PBXSourcesBuildPhase section */

/* Begin XCBuildConfiguration section */
		E9291D382B8EF2790001FD88 /* Debug */ = {
			isa = XCBuildConfiguration;
			buildSettings = {
				ALWAYS_SEARCH_USER_PATHS = NO;
				ASSETCATALOG_COMPILER_GENERATE_SWIFT_ASSET_SYMBOL_EXTENSIONS = YES;
				CLANG_ANALYZER_NONNULL = YES;
				CLANG_ANALYZER_NUMBER_OBJECT_CONVERSION = YES_AGGRESSIVE;
				CLANG_CXX_LANGUAGE_STANDARD = "gnu++20";
				CLANG_ENABLE_MODULES = YES;
				CLANG_ENABLE_OBJC_ARC = YES;
				CLANG_ENABLE_OBJC_WEAK = YES;
				CLANG_WARN_BLOCK_CAPTURE_AUTORELEASING = YES;
				CLANG_WARN_BOOL_CONVERSION = YES;
				CLANG_WARN_COMMA = YES;
				CLANG_WARN_CONSTANT_CONVERSION = YES;
				CLANG_WARN_DEPRECATED_OBJC_IMPLEMENTATIONS = YES;
				CLANG_WARN_DIRECT_OBJC_ISA_USAGE = YES_ERROR;
				CLANG_WARN_DOCUMENTATION_COMMENTS = YES;
				CLANG_WARN_EMPTY_BODY = YES;
				CLANG_WARN_ENUM_CONVERSION = YES;
				CLANG_WARN_INFINITE_RECURSION = YES;
				CLANG_WARN_INT_CONVERSION = YES;
				CLANG_WARN_NON_LITERAL_NULL_CONVERSION = YES;
				CLANG_WARN_OBJC_IMPLICIT_RETAIN_SELF = YES;
				CLANG_WARN_OBJC_LITERAL_CONVERSION = YES;
				CLANG_WARN_OBJC_ROOT_CLASS = YES_ERROR;
				CLANG_WARN_QUOTED_INCLUDE_IN_FRAMEWORK_HEADER = YES;
				CLANG_WARN_RANGE_LOOP_ANALYSIS = YES;
				CLANG_WARN_STRICT_PROTOTYPES = YES;
				CLANG_WARN_SUSPICIOUS_MOVE = YES;
				CLANG_WARN_UNGUARDED_AVAILABILITY = YES_AGGRESSIVE;
				CLANG_WARN_UNREACHABLE_CODE = YES;
				CLANG_WARN__DUPLICATE_METHOD_MATCH = YES;
				COPY_PHASE_STRIP = NO;
				DEBUG_INFORMATION_FORMAT = dwarf;
				ENABLE_STRICT_OBJC_MSGSEND = YES;
				ENABLE_TESTABILITY = YES;
				ENABLE_USER_SCRIPT_SANDBOXING = YES;
				GCC_C_LANGUAGE_STANDARD = gnu17;
				GCC_DYNAMIC_NO_PIC = NO;
				GCC_NO_COMMON_BLOCKS = YES;
				GCC_OPTIMIZATION_LEVEL = 0;
				GCC_PREPROCESSOR_DEFINITIONS = (
					"DEBUG=1",
					"$(inherited)",
				);
				GCC_WARN_64_TO_32_BIT_CONVERSION = YES;
				GCC_WARN_ABOUT_RETURN_TYPE = YES_ERROR;
				GCC_WARN_UNDECLARED_SELECTOR = YES;
				GCC_WARN_UNINITIALIZED_AUTOS = YES_AGGRESSIVE;
				GCC_WARN_UNUSED_FUNCTION = YES;
				GCC_WARN_UNUSED_VARIABLE = YES;
				IPHONEOS_DEPLOYMENT_TARGET = 17.2;
				LOCALIZATION_PREFERS_STRING_CATALOGS = YES;
				MTL_ENABLE_DEBUG_INFO = INCLUDE_SOURCE;
				MTL_FAST_MATH = YES;
				ONLY_ACTIVE_ARCH = YES;
				SDKROOT = iphoneos;
				SWIFT_ACTIVE_COMPILATION_CONDITIONS = "DEBUG $(inherited)";
				SWIFT_OPTIMIZATION_LEVEL = "-Onone";
			};
			name = Debug;
		};
		E9291D392B8EF2790001FD88 /* Release */ = {
			isa = XCBuildConfiguration;
			buildSettings = {
				ALWAYS_SEARCH_USER_PATHS = NO;
				ASSETCATALOG_COMPILER_GENERATE_SWIFT_ASSET_SYMBOL_EXTENSIONS = YES;
				CLANG_ANALYZER_NONNULL = YES;
				CLANG_ANALYZER_NUMBER_OBJECT_CONVERSION = YES_AGGRESSIVE;
				CLANG_CXX_LANGUAGE_STANDARD = "gnu++20";
				CLANG_ENABLE_MODULES = YES;
				CLANG_ENABLE_OBJC_ARC = YES;
				CLANG_ENABLE_OBJC_WEAK = YES;
				CLANG_WARN_BLOCK_CAPTURE_AUTORELEASING = YES;
				CLANG_WARN_BOOL_CONVERSION = YES;
				CLANG_WARN_COMMA = YES;
				CLANG_WARN_CONSTANT_CONVERSION = YES;
				CLANG_WARN_DEPRECATED_OBJC_IMPLEMENTATIONS = YES;
				CLANG_WARN_DIRECT_OBJC_ISA_USAGE = YES_ERROR;
				CLANG_WARN_DOCUMENTATION_COMMENTS = YES;
				CLANG_WARN_EMPTY_BODY = YES;
				CLANG_WARN_ENUM_CONVERSION = YES;
				CLANG_WARN_INFINITE_RECURSION = YES;
				CLANG_WARN_INT_CONVERSION = YES;
				CLANG_WARN_NON_LITERAL_NULL_CONVERSION = YES;
				CLANG_WARN_OBJC_IMPLICIT_RETAIN_SELF = YES;
				CLANG_WARN_OBJC_LITERAL_CONVERSION = YES;
				CLANG_WARN_OBJC_ROOT_CLASS = YES_ERROR;
				CLANG_WARN_QUOTED_INCLUDE_IN_FRAMEWORK_HEADER = YES;
				CLANG_WARN_RANGE_LOOP_ANALYSIS = YES;
				CLANG_WARN_STRICT_PROTOTYPES = YES;
				CLANG_WARN_SUSPICIOUS_MOVE = YES;
				CLANG_WARN_UNGUARDED_AVAILABILITY = YES_AGGRESSIVE;
				CLANG_WARN_UNREACHABLE_CODE = YES;
				CLANG_WARN__DUPLICATE_METHOD_MATCH = YES;
				COPY_PHASE_STRIP = NO;
				DEBUG_INFORMATION_FORMAT = "dwarf-with-dsym";
				ENABLE_NS_ASSERTIONS = NO;
				ENABLE_STRICT_OBJC_MSGSEND = YES;
				ENABLE_USER_SCRIPT_SANDBOXING = YES;
				GCC_C_LANGUAGE_STANDARD = gnu17;
				GCC_NO_COMMON_BLOCKS = YES;
				GCC_WARN_64_TO_32_BIT_CONVERSION = YES;
				GCC_WARN_ABOUT_RETURN_TYPE = YES_ERROR;
				GCC_WARN_UNDECLARED_SELECTOR = YES;
				GCC_WARN_UNINITIALIZED_AUTOS = YES_AGGRESSIVE;
				GCC_WARN_UNUSED_FUNCTION = YES;
				GCC_WARN_UNUSED_VARIABLE = YES;
				IPHONEOS_DEPLOYMENT_TARGET = 17.2;
				LOCALIZATION_PREFERS_STRING_CATALOGS = YES;
				MTL_ENABLE_DEBUG_INFO = NO;
				MTL_FAST_MATH = YES;
				SDKROOT = iphoneos;
				SWIFT_COMPILATION_MODE = wholemodule;
				VALIDATE_PRODUCT = YES;
			};
			name = Release;
		};
		E9291D3B2B8EF2790001FD88 /* Debug */ = {
			isa = XCBuildConfiguration;
			buildSettings = {
				ASSETCATALOG_COMPILER_APPICON_NAME = AppIcon;
				ASSETCATALOG_COMPILER_GLOBAL_ACCENT_COLOR_NAME = AccentColor;
				CODE_SIGN_STYLE = Automatic;
				CURRENT_PROJECT_VERSION = 1;
				DEVELOPMENT_ASSET_PATHS = "\"Canker Tracker/Preview Content\"";
				DEVELOPMENT_TEAM = QQB33452MG;
				ENABLE_PREVIEWS = YES;
				GENERATE_INFOPLIST_FILE = YES;
				INFOPLIST_KEY_UIApplicationSceneManifest_Generation = YES;
				INFOPLIST_KEY_UIApplicationSupportsIndirectInputEvents = YES;
				INFOPLIST_KEY_UILaunchScreen_Generation = YES;
				INFOPLIST_KEY_UISupportedInterfaceOrientations_iPad = "UIInterfaceOrientationPortrait UIInterfaceOrientationPortraitUpsideDown UIInterfaceOrientationLandscapeLeft UIInterfaceOrientationLandscapeRight";
				INFOPLIST_KEY_UISupportedInterfaceOrientations_iPhone = "UIInterfaceOrientationPortrait UIInterfaceOrientationLandscapeLeft UIInterfaceOrientationLandscapeRight";
				LD_RUNPATH_SEARCH_PATHS = (
					"$(inherited)",
					"@executable_path/Frameworks",
				);
				MARKETING_VERSION = 1.0;
				PRODUCT_BUNDLE_IDENTIFIER = "com.lomaco.Canker-Tracker";
				PRODUCT_NAME = "$(TARGET_NAME)";
				SWIFT_EMIT_LOC_STRINGS = YES;
				SWIFT_VERSION = 5.0;
				TARGETED_DEVICE_FAMILY = "1,2";
			};
			name = Debug;
		};
		E9291D3C2B8EF2790001FD88 /* Release */ = {
			isa = XCBuildConfiguration;
			buildSettings = {
				ASSETCATALOG_COMPILER_APPICON_NAME = AppIcon;
				ASSETCATALOG_COMPILER_GLOBAL_ACCENT_COLOR_NAME = AccentColor;
				CODE_SIGN_STYLE = Automatic;
				CURRENT_PROJECT_VERSION = 1;
				DEVELOPMENT_ASSET_PATHS = "\"Canker Tracker/Preview Content\"";
				DEVELOPMENT_TEAM = QQB33452MG;
				ENABLE_PREVIEWS = YES;
				GENERATE_INFOPLIST_FILE = YES;
				INFOPLIST_KEY_UIApplicationSceneManifest_Generation = YES;
				INFOPLIST_KEY_UIApplicationSupportsIndirectInputEvents = YES;
				INFOPLIST_KEY_UILaunchScreen_Generation = YES;
				INFOPLIST_KEY_UISupportedInterfaceOrientations_iPad = "UIInterfaceOrientationPortrait UIInterfaceOrientationPortraitUpsideDown UIInterfaceOrientationLandscapeLeft UIInterfaceOrientationLandscapeRight";
				INFOPLIST_KEY_UISupportedInterfaceOrientations_iPhone = "UIInterfaceOrientationPortrait UIInterfaceOrientationLandscapeLeft UIInterfaceOrientationLandscapeRight";
				LD_RUNPATH_SEARCH_PATHS = (
					"$(inherited)",
					"@executable_path/Frameworks",
				);
				MARKETING_VERSION = 1.0;
				PRODUCT_BUNDLE_IDENTIFIER = "com.lomaco.Canker-Tracker";
				PRODUCT_NAME = "$(TARGET_NAME)";
				SWIFT_EMIT_LOC_STRINGS = YES;
				SWIFT_VERSION = 5.0;
				TARGETED_DEVICE_FAMILY = "1,2";
			};
			name = Release;
		};
/* End XCBuildConfiguration section */

/* Begin XCConfigurationList section */
		E9291D252B8EF2780001FD88 /* Build configuration list for PBXProject "Canker Tracker" */ = {
			isa = XCConfigurationList;
			buildConfigurations = (
				E9291D382B8EF2790001FD88 /* Debug */,
				E9291D392B8EF2790001FD88 /* Release */,
			);
			defaultConfigurationIsVisible = 0;
			defaultConfigurationName = Release;
		};
		E9291D3A2B8EF2790001FD88 /* Build configuration list for PBXNativeTarget "Canker Tracker" */ = {
			isa = XCConfigurationList;
			buildConfigurations = (
				E9291D3B2B8EF2790001FD88 /* Debug */,
				E9291D3C2B8EF2790001FD88 /* Release */,
			);
			defaultConfigurationIsVisible = 0;
			defaultConfigurationName = Release;
		};
/* End XCConfigurationList section */
	};
	rootObject = E9291D222B8EF2780001FD88 /* Project object */;
}
